
Microsoft Visual Studio Solution File, Format Version 12.00
# Visual Studio 15
VisualStudioVersion = 15.0.27428.2011
MinimumVisualStudioVersion = 10.0.40219.1
Project("{FAE04EC0-301F-11D3-BF4B-00C04F79EFBC}") = "XUnitTestProject1", "XUnitTestProject1\XUnitTestProject1.csproj", "{04E61739-5956-4D7A-8081-702BF1FB15BE}"
EndProject
Global
	GlobalSection(SolutionConfigurationPlatforms) = preSolution
		Debug|Any CPU = Debug|Any CPU
		Release|Any CPU = Release|Any CPU
	EndGlobalSection
	GlobalSection(ProjectConfigurationPlatforms) = postSolution
		{04E61739-5956-4D7A-8081-702BF1FB15BE}.Debug|Any CPU.ActiveCfg = Debug|Any CPU
		{04E61739-5956-4D7A-8081-702BF1FB15BE}.Debug|Any CPU.Build.0 = Debug|Any CPU
		{04E61739-5956-4D7A-8081-702BF1FB15BE}.Release|Any CPU.ActiveCfg = Release|Any CPU
		{04E61739-5956-4D7A-8081-702BF1FB15BE}.Release|Any CPU.Build.0 = Release|Any CPU
	EndGlobalSection
	GlobalSection(SolutionProperties) = preSolution
		HideSolutionNode = FALSE
	EndGlobalSection
	GlobalSection(ExtensibilityGlobals) = postSolution
		SolutionGuid = {4BB38FFD-703E-42BA-9417-1501B1649754}
	EndGlobalSection
EndGlobal
